
Microsoft Visual Studio Solution File, Format Version 12.00
# Visual Studio 2013
VisualStudioVersion = 12.0.21005.1
MinimumVisualStudioVersion = 10.0.40219.1
Project("{930C7802-8A8C-48F9-8165-68863BCCD9DD}") = "HelloWix", "HelloWix\HelloWix.wixproj", "{DA24465D-478B-4881-AA40-9B5F7AF24E83}"
EndProject
Project("{2150E333-8FDC-42A3-9474-1A3956D46DE8}") = "Solution Items", "Solution Items", "{53E3AF7D-6282-48DF-B89A-247F8003A732}"
	ProjectSection(SolutionItems) = preProject
		HelloWix\etc\foo.txt = HelloWix\etc\foo.txt
	EndProjectSection
EndProject
Global
	GlobalSection(SolutionConfigurationPlatforms) = preSolution
		Debug|x86 = Debug|x86
		Release|x86 = Release|x86
	EndGlobalSection
	GlobalSection(ProjectConfigurationPlatforms) = postSolution
		{DA24465D-478B-4881-AA40-9B5F7AF24E83}.Debug|x86.ActiveCfg = Debug|x86
		{DA24465D-478B-4881-AA40-9B5F7AF24E83}.Debug|x86.Build.0 = Debug|x86
		{DA24465D-478B-4881-AA40-9B5F7AF24E83}.Release|x86.ActiveCfg = Release|x86
		{DA24465D-478B-4881-AA40-9B5F7AF24E83}.Release|x86.Build.0 = Release|x86
	EndGlobalSection
	GlobalSection(SolutionProperties) = preSolution
		HideSolutionNode = FALSE
	EndGlobalSection
EndGlobal
